<?xml version="1.0" encoding="utf-8"?>
<Project ToolsVersion="14.0" xmlns="http://schemas.microsoft.com/developer/msbuild/2003">
  <ItemGroup>
    <Filter Include="Resources">
      <UniqueIdentifier>f6e225b2-3b53-4de8-955d-b9af4f33fda4</UniqueIdentifier>
      <Extensions>rc;ico;cur;bmp;dlg;rc2;rct;bin;rgs;gif;jpg;jpeg;jpe;resx;tga;tiff;tif;png;wav;mfcribbon-ms</Extensions>
    </Filter>
  </ItemGroup>
  <ItemGroup>
    <ClCompile Include="pch.cpp" />
    <ClCompile Include="TestMethods.cpp" />
    <ClCompile Include="TestProperties.cpp" />
    <ClCompile Include="TestAsync.cpp" />
    <ClCompile Include="TestContext.cpp" />
    <ClCompile Include="TestStruct.cpp" />
    <ClCompile Include="TestOuter.cpp" />
    <ClCompile Include="TestLifecycle.cpp" />
    <ClCompile Include="TestEvents.cpp" />
    <ClCompile Include="TestOneWayStruct.cpp" />
  </ItemGroup>
  <ItemGroup>
    <ClInclude Include="pch.h" />
    <ClInclude Include="TestMethods.h" />
    <ClInclude Include="TestProperties.h" />
    <ClInclude Include="TestEnum.h" />
    <ClInclude Include="TestAsync.h" />
    <ClInclude Include="TestContext.h" />
    <ClInclude Include="TestStruct.h" />
    <ClInclude Include="TestOuter.h" />
    <ClInclude Include="TestLifecycle.h" />
    <ClInclude Include="TestEvents.h" />
    <ClInclude Include="TestOneWayStruct.h" />
  </ItemGroup>
</Project>