
Microsoft Visual Studio Solution File, Format Version 12.00
# Visual Studio 14
VisualStudioVersion = 14.0.24720.0
MinimumVisualStudioVersion = 10.0.40219.1
Project("{FAE04EC0-301F-11D3-BF4B-00C04F79EFBC}") = "cli", "cli\cli.csproj", "{2ADC0D21-525E-4A5D-A106-149E1535E43E}"
EndProject
Project("{FAE04EC0-301F-11D3-BF4B-00C04F79EFBC}") = "lib", "lib\ts\lib.csproj", "{C4078F39-8FDA-427A-B554-3A0AAB13D505}"
EndProject
Global
	GlobalSection(SolutionConfigurationPlatforms) = preSolution
		Debug|Any CPU = Debug|Any CPU
		Release|Any CPU = Release|Any CPU
	EndGlobalSection
	GlobalSection(ProjectConfigurationPlatforms) = postSolution
		{2ADC0D21-525E-4A5D-A106-149E1535E43E}.Debug|Any CPU.ActiveCfg = Debug|Any CPU
		{2ADC0D21-525E-4A5D-A106-149E1535E43E}.Debug|Any CPU.Build.0 = Debug|Any CPU
		{2ADC0D21-525E-4A5D-A106-149E1535E43E}.Release|Any CPU.ActiveCfg = Release|Any CPU
		{2ADC0D21-525E-4A5D-A106-149E1535E43E}.Release|Any CPU.Build.0 = Release|Any CPU
		{C4078F39-8FDA-427A-B554-3A0AAB13D505}.Debug|Any CPU.ActiveCfg = Debug|Any CPU
		{C4078F39-8FDA-427A-B554-3A0AAB13D505}.Debug|Any CPU.Build.0 = Debug|Any CPU
		{C4078F39-8FDA-427A-B554-3A0AAB13D505}.Release|Any CPU.ActiveCfg = Release|Any CPU
		{C4078F39-8FDA-427A-B554-3A0AAB13D505}.Release|Any CPU.Build.0 = Release|Any CPU
	EndGlobalSection
	GlobalSection(SolutionProperties) = preSolution
		HideSolutionNode = FALSE
	EndGlobalSection
EndGlobal
