
Microsoft Visual Studio Solution File, Format Version 12.00
# Visual Studio 14
VisualStudioVersion = 14.0.24720.0
MinimumVisualStudioVersion = 10.0.40219.1
Project("{FAE04EC0-301F-11D3-BF4B-00C04F79EFBC}") = "C3PTestApp.Android", "C3PTestApp.Android\C3PTestApp.Android.csproj", "{95A67639-DF32-4FB9-AA80-07DE678D6EBB}"
EndProject
Project("{FAE04EC0-301F-11D3-BF4B-00C04F79EFBC}") = "C3PTestApp.iOS", "C3PTestApp.iOS\C3PTestApp.iOS.csproj", "{AF9602BB-103C-489E-973E-B4A42C7FE6F2}"
EndProject
Project("{FAE04EC0-301F-11D3-BF4B-00C04F79EFBC}") = "C3PTestApp", "C3PTestApp\C3PTestApp.csproj", "{DC9E3BE1-104C-4B01-92B4-5A5D57BDB238}"
EndProject
Project("{FAE04EC0-301F-11D3-BF4B-00C04F79EFBC}") = "C3PTestApp.Windows", "C3PTestApp.Windows\C3PTestApp.Windows.csproj", "{C39B3F87-9DBF-4250-AA18-5580AFE30AEB}"
EndProject
Global
	GlobalSection(SolutionConfigurationPlatforms) = preSolution
		Ad-Hoc|Any CPU = Ad-Hoc|Any CPU
		Ad-Hoc|ARM = Ad-Hoc|ARM
		Ad-Hoc|iPhone = Ad-Hoc|iPhone
		Ad-Hoc|iPhoneSimulator = Ad-Hoc|iPhoneSimulator
		Ad-Hoc|x64 = Ad-Hoc|x64
		Ad-Hoc|x86 = Ad-Hoc|x86
		AppStore|Any CPU = AppStore|Any CPU
		AppStore|ARM = AppStore|ARM
		AppStore|iPhone = AppStore|iPhone
		AppStore|iPhoneSimulator = AppStore|iPhoneSimulator
		AppStore|x64 = AppStore|x64
		AppStore|x86 = AppStore|x86
		Debug|Any CPU = Debug|Any CPU
		Debug|ARM = Debug|ARM
		Debug|iPhone = Debug|iPhone
		Debug|iPhoneSimulator = Debug|iPhoneSimulator
		Debug|x64 = Debug|x64
		Debug|x86 = Debug|x86
		Release|Any CPU = Release|Any CPU
		Release|ARM = Release|ARM
		Release|iPhone = Release|iPhone
		Release|iPhoneSimulator = Release|iPhoneSimulator
		Release|x64 = Release|x64
		Release|x86 = Release|x86
	EndGlobalSection
	GlobalSection(ProjectConfigurationPlatforms) = postSolution
		{95A67639-DF32-4FB9-AA80-07DE678D6EBB}.Ad-Hoc|Any CPU.ActiveCfg = Release|Any CPU
		{95A67639-DF32-4FB9-AA80-07DE678D6EBB}.Ad-Hoc|Any CPU.Build.0 = Release|Any CPU
		{95A67639-DF32-4FB9-AA80-07DE678D6EBB}.Ad-Hoc|Any CPU.Deploy.0 = Release|Any CPU
		{95A67639-DF32-4FB9-AA80-07DE678D6EBB}.Ad-Hoc|ARM.ActiveCfg = Release|Any CPU
		{95A67639-DF32-4FB9-AA80-07DE678D6EBB}.Ad-Hoc|ARM.Build.0 = Release|Any CPU
		{95A67639-DF32-4FB9-AA80-07DE678D6EBB}.Ad-Hoc|ARM.Deploy.0 = Release|Any CPU
		{95A67639-DF32-4FB9-AA80-07DE678D6EBB}.Ad-Hoc|iPhone.ActiveCfg = Release|Any CPU
		{95A67639-DF32-4FB9-AA80-07DE678D6EBB}.Ad-Hoc|iPhone.Build.0 = Release|Any CPU
		{95A67639-DF32-4FB9-AA80-07DE678D6EBB}.Ad-Hoc|iPhone.Deploy.0 = Release|Any CPU
		{95A67639-DF32-4FB9-AA80-07DE678D6EBB}.Ad-Hoc|iPhoneSimulator.ActiveCfg = Release|Any CPU
		{95A67639-DF32-4FB9-AA80-07DE678D6EBB}.Ad-Hoc|iPhoneSimulator.Build.0 = Release|Any CPU
		{95A67639-DF32-4FB9-AA80-07DE678D6EBB}.Ad-Hoc|iPhoneSimulator.Deploy.0 = Release|Any CPU
		{95A67639-DF32-4FB9-AA80-07DE678D6EBB}.Ad-Hoc|x64.ActiveCfg = Debug|Any CPU
		{95A67639-DF32-4FB9-AA80-07DE678D6EBB}.Ad-Hoc|x64.Build.0 = Debug|Any CPU
		{95A67639-DF32-4FB9-AA80-07DE678D6EBB}.Ad-Hoc|x64.Deploy.0 = Debug|Any CPU
		{95A67639-DF32-4FB9-AA80-07DE678D6EBB}.Ad-Hoc|x86.ActiveCfg = Release|Any CPU
		{95A67639-DF32-4FB9-AA80-07DE678D6EBB}.Ad-Hoc|x86.Build.0 = Release|Any CPU
		{95A67639-DF32-4FB9-AA80-07DE678D6EBB}.Ad-Hoc|x86.Deploy.0 = Release|Any CPU
		{95A67639-DF32-4FB9-AA80-07DE678D6EBB}.AppStore|Any CPU.ActiveCfg = Release|Any CPU
		{95A67639-DF32-4FB9-AA80-07DE678D6EBB}.AppStore|Any CPU.Build.0 = Release|Any CPU
		{95A67639-DF32-4FB9-AA80-07DE678D6EBB}.AppStore|Any CPU.Deploy.0 = Release|Any CPU
		{95A67639-DF32-4FB9-AA80-07DE678D6EBB}.AppStore|ARM.ActiveCfg = Release|Any CPU
		{95A67639-DF32-4FB9-AA80-07DE678D6EBB}.AppStore|ARM.Build.0 = Release|Any CPU
		{95A67639-DF32-4FB9-AA80-07DE678D6EBB}.AppStore|ARM.Deploy.0 = Release|Any CPU
		{95A67639-DF32-4FB9-AA80-07DE678D6EBB}.AppStore|iPhone.ActiveCfg = Release|Any CPU
		{95A67639-DF32-4FB9-AA80-07DE678D6EBB}.AppStore|iPhone.Build.0 = Release|Any CPU
		{95A67639-DF32-4FB9-AA80-07DE678D6EBB}.AppStore|iPhone.Deploy.0 = Release|Any CPU
		{95A67639-DF32-4FB9-AA80-07DE678D6EBB}.AppStore|iPhoneSimulator.ActiveCfg = Release|Any CPU
		{95A67639-DF32-4FB9-AA80-07DE678D6EBB}.AppStore|iPhoneSimulator.Build.0 = Release|Any CPU
		{95A67639-DF32-4FB9-AA80-07DE678D6EBB}.AppStore|iPhoneSimulator.Deploy.0 = Release|Any CPU
		{95A67639-DF32-4FB9-AA80-07DE678D6EBB}.AppStore|x64.ActiveCfg = Debug|Any CPU
		{95A67639-DF32-4FB9-AA80-07DE678D6EBB}.AppStore|x64.Build.0 = Debug|Any CPU
		{95A67639-DF32-4FB9-AA80-07DE678D6EBB}.AppStore|x64.Deploy.0 = Debug|Any CPU
		{95A67639-DF32-4FB9-AA80-07DE678D6EBB}.AppStore|x86.ActiveCfg = Release|Any CPU
		{95A67639-DF32-4FB9-AA80-07DE678D6EBB}.AppStore|x86.Build.0 = Release|Any CPU
		{95A67639-DF32-4FB9-AA80-07DE678D6EBB}.AppStore|x86.Deploy.0 = Release|Any CPU
		{95A67639-DF32-4FB9-AA80-07DE678D6EBB}.Debug|Any CPU.ActiveCfg = Debug|Any CPU
		{95A67639-DF32-4FB9-AA80-07DE678D6EBB}.Debug|Any CPU.Build.0 = Debug|Any CPU
		{95A67639-DF32-4FB9-AA80-07DE678D6EBB}.Debug|Any CPU.Deploy.0 = Debug|Any CPU
		{95A67639-DF32-4FB9-AA80-07DE678D6EBB}.Debug|ARM.ActiveCfg = Debug|Any CPU
		{95A67639-DF32-4FB9-AA80-07DE678D6EBB}.Debug|ARM.Build.0 = Debug|Any CPU
		{95A67639-DF32-4FB9-AA80-07DE678D6EBB}.Debug|ARM.Deploy.0 = Debug|Any CPU
		{95A67639-DF32-4FB9-AA80-07DE678D6EBB}.Debug|iPhone.ActiveCfg = Debug|Any CPU
		{95A67639-DF32-4FB9-AA80-07DE678D6EBB}.Debug|iPhone.Build.0 = Debug|Any CPU
		{95A67639-DF32-4FB9-AA80-07DE678D6EBB}.Debug|iPhone.Deploy.0 = Debug|Any CPU
		{95A67639-DF32-4FB9-AA80-07DE678D6EBB}.Debug|iPhoneSimulator.ActiveCfg = Debug|Any CPU
		{95A67639-DF32-4FB9-AA80-07DE678D6EBB}.Debug|iPhoneSimulator.Build.0 = Debug|Any CPU
		{95A67639-DF32-4FB9-AA80-07DE678D6EBB}.Debug|iPhoneSimulator.Deploy.0 = Debug|Any CPU
		{95A67639-DF32-4FB9-AA80-07DE678D6EBB}.Debug|x64.ActiveCfg = Debug|Any CPU
		{95A67639-DF32-4FB9-AA80-07DE678D6EBB}.Debug|x64.Build.0 = Debug|Any CPU
		{95A67639-DF32-4FB9-AA80-07DE678D6EBB}.Debug|x64.Deploy.0 = Debug|Any CPU
		{95A67639-DF32-4FB9-AA80-07DE678D6EBB}.Debug|x86.ActiveCfg = Debug|Any CPU
		{95A67639-DF32-4FB9-AA80-07DE678D6EBB}.Debug|x86.Build.0 = Debug|Any CPU
		{95A67639-DF32-4FB9-AA80-07DE678D6EBB}.Debug|x86.Deploy.0 = Debug|Any CPU
		{95A67639-DF32-4FB9-AA80-07DE678D6EBB}.Release|Any CPU.ActiveCfg = Release|Any CPU
		{95A67639-DF32-4FB9-AA80-07DE678D6EBB}.Release|Any CPU.Build.0 = Release|Any CPU
		{95A67639-DF32-4FB9-AA80-07DE678D6EBB}.Release|Any CPU.Deploy.0 = Release|Any CPU
		{95A67639-DF32-4FB9-AA80-07DE678D6EBB}.Release|ARM.ActiveCfg = Release|Any CPU
		{95A67639-DF32-4FB9-AA80-07DE678D6EBB}.Release|ARM.Build.0 = Release|Any CPU
		{95A67639-DF32-4FB9-AA80-07DE678D6EBB}.Release|ARM.Deploy.0 = Release|Any CPU
		{95A67639-DF32-4FB9-AA80-07DE678D6EBB}.Release|iPhone.ActiveCfg = Release|Any CPU
		{95A67639-DF32-4FB9-AA80-07DE678D6EBB}.Release|iPhone.Build.0 = Release|Any CPU
		{95A67639-DF32-4FB9-AA80-07DE678D6EBB}.Release|iPhone.Deploy.0 = Release|Any CPU
		{95A67639-DF32-4FB9-AA80-07DE678D6EBB}.Release|iPhoneSimulator.ActiveCfg = Release|Any CPU
		{95A67639-DF32-4FB9-AA80-07DE678D6EBB}.Release|iPhoneSimulator.Build.0 = Release|Any CPU
		{95A67639-DF32-4FB9-AA80-07DE678D6EBB}.Release|iPhoneSimulator.Deploy.0 = Release|Any CPU
		{95A67639-DF32-4FB9-AA80-07DE678D6EBB}.Release|x64.ActiveCfg = Release|Any CPU
		{95A67639-DF32-4FB9-AA80-07DE678D6EBB}.Release|x64.Build.0 = Release|Any CPU
		{95A67639-DF32-4FB9-AA80-07DE678D6EBB}.Release|x64.Deploy.0 = Release|Any CPU
		{95A67639-DF32-4FB9-AA80-07DE678D6EBB}.Release|x86.ActiveCfg = Release|Any CPU
		{95A67639-DF32-4FB9-AA80-07DE678D6EBB}.Release|x86.Build.0 = Release|Any CPU
		{95A67639-DF32-4FB9-AA80-07DE678D6EBB}.Release|x86.Deploy.0 = Release|Any CPU
		{AF9602BB-103C-489E-973E-B4A42C7FE6F2}.Ad-Hoc|Any CPU.ActiveCfg = Ad-Hoc|iPhone
		{AF9602BB-103C-489E-973E-B4A42C7FE6F2}.Ad-Hoc|ARM.ActiveCfg = Ad-Hoc|iPhone
		{AF9602BB-103C-489E-973E-B4A42C7FE6F2}.Ad-Hoc|iPhone.ActiveCfg = Ad-Hoc|iPhone
		{AF9602BB-103C-489E-973E-B4A42C7FE6F2}.Ad-Hoc|iPhone.Build.0 = Ad-Hoc|iPhone
		{AF9602BB-103C-489E-973E-B4A42C7FE6F2}.Ad-Hoc|iPhoneSimulator.ActiveCfg = Ad-Hoc|iPhoneSimulator
		{AF9602BB-103C-489E-973E-B4A42C7FE6F2}.Ad-Hoc|iPhoneSimulator.Build.0 = Ad-Hoc|iPhoneSimulator
		{AF9602BB-103C-489E-973E-B4A42C7FE6F2}.Ad-Hoc|x64.ActiveCfg = Ad-Hoc|iPhoneSimulator
		{AF9602BB-103C-489E-973E-B4A42C7FE6F2}.Ad-Hoc|x86.ActiveCfg = Ad-Hoc|iPhone
		{AF9602BB-103C-489E-973E-B4A42C7FE6F2}.AppStore|Any CPU.ActiveCfg = AppStore|iPhone
		{AF9602BB-103C-489E-973E-B4A42C7FE6F2}.AppStore|ARM.ActiveCfg = AppStore|iPhone
		{AF9602BB-103C-489E-973E-B4A42C7FE6F2}.AppStore|iPhone.ActiveCfg = AppStore|iPhone
		{AF9602BB-103C-489E-973E-B4A42C7FE6F2}.AppStore|iPhone.Build.0 = AppStore|iPhone
		{AF9602BB-103C-489E-973E-B4A42C7FE6F2}.AppStore|iPhoneSimulator.ActiveCfg = AppStore|iPhoneSimulator
		{AF9602BB-103C-489E-973E-B4A42C7FE6F2}.AppStore|iPhoneSimulator.Build.0 = AppStore|iPhoneSimulator
		{AF9602BB-103C-489E-973E-B4A42C7FE6F2}.AppStore|x64.ActiveCfg = AppStore|iPhoneSimulator
		{AF9602BB-103C-489E-973E-B4A42C7FE6F2}.AppStore|x86.ActiveCfg = AppStore|iPhone
		{AF9602BB-103C-489E-973E-B4A42C7FE6F2}.Debug|Any CPU.ActiveCfg = Debug|iPhone
		{AF9602BB-103C-489E-973E-B4A42C7FE6F2}.Debug|ARM.ActiveCfg = Debug|iPhone
		{AF9602BB-103C-489E-973E-B4A42C7FE6F2}.Debug|iPhone.ActiveCfg = Debug|iPhone
		{AF9602BB-103C-489E-973E-B4A42C7FE6F2}.Debug|iPhone.Build.0 = Debug|iPhone
		{AF9602BB-103C-489E-973E-B4A42C7FE6F2}.Debug|iPhoneSimulator.ActiveCfg = Debug|iPhoneSimulator
		{AF9602BB-103C-489E-973E-B4A42C7FE6F2}.Debug|iPhoneSimulator.Build.0 = Debug|iPhoneSimulator
		{AF9602BB-103C-489E-973E-B4A42C7FE6F2}.Debug|x64.ActiveCfg = Debug|iPhoneSimulator
		{AF9602BB-103C-489E-973E-B4A42C7FE6F2}.Debug|x86.ActiveCfg = Debug|iPhone
		{AF9602BB-103C-489E-973E-B4A42C7FE6F2}.Release|Any CPU.ActiveCfg = Release|iPhone
		{AF9602BB-103C-489E-973E-B4A42C7FE6F2}.Release|ARM.ActiveCfg = Release|iPhone
		{AF9602BB-103C-489E-973E-B4A42C7FE6F2}.Release|iPhone.ActiveCfg = Release|iPhone
		{AF9602BB-103C-489E-973E-B4A42C7FE6F2}.Release|iPhone.Build.0 = Release|iPhone
		{AF9602BB-103C-489E-973E-B4A42C7FE6F2}.Release|iPhoneSimulator.ActiveCfg = Release|iPhoneSimulator
		{AF9602BB-103C-489E-973E-B4A42C7FE6F2}.Release|iPhoneSimulator.Build.0 = Release|iPhoneSimulator
		{AF9602BB-103C-489E-973E-B4A42C7FE6F2}.Release|x64.ActiveCfg = Release|iPhoneSimulator
		{AF9602BB-103C-489E-973E-B4A42C7FE6F2}.Release|x86.ActiveCfg = Release|iPhone
		{DC9E3BE1-104C-4B01-92B4-5A5D57BDB238}.Ad-Hoc|Any CPU.ActiveCfg = Release|Any CPU
		{DC9E3BE1-104C-4B01-92B4-5A5D57BDB238}.Ad-Hoc|Any CPU.Build.0 = Release|Any CPU
		{DC9E3BE1-104C-4B01-92B4-5A5D57BDB238}.Ad-Hoc|ARM.ActiveCfg = Release|Any CPU
		{DC9E3BE1-104C-4B01-92B4-5A5D57BDB238}.Ad-Hoc|ARM.Build.0 = Release|Any CPU
		{DC9E3BE1-104C-4B01-92B4-5A5D57BDB238}.Ad-Hoc|iPhone.ActiveCfg = Release|Any CPU
		{DC9E3BE1-104C-4B01-92B4-5A5D57BDB238}.Ad-Hoc|iPhone.Build.0 = Release|Any CPU
		{DC9E3BE1-104C-4B01-92B4-5A5D57BDB238}.Ad-Hoc|iPhoneSimulator.ActiveCfg = Release|Any CPU
		{DC9E3BE1-104C-4B01-92B4-5A5D57BDB238}.Ad-Hoc|iPhoneSimulator.Build.0 = Release|Any CPU
		{DC9E3BE1-104C-4B01-92B4-5A5D57BDB238}.Ad-Hoc|x64.ActiveCfg = Debug|Any CPU
		{DC9E3BE1-104C-4B01-92B4-5A5D57BDB238}.Ad-Hoc|x64.Build.0 = Debug|Any CPU
		{DC9E3BE1-104C-4B01-92B4-5A5D57BDB238}.Ad-Hoc|x86.ActiveCfg = Release|Any CPU
		{DC9E3BE1-104C-4B01-92B4-5A5D57BDB238}.Ad-Hoc|x86.Build.0 = Release|Any CPU
		{DC9E3BE1-104C-4B01-92B4-5A5D57BDB238}.AppStore|Any CPU.ActiveCfg = Release|Any CPU
		{DC9E3BE1-104C-4B01-92B4-5A5D57BDB238}.AppStore|Any CPU.Build.0 = Release|Any CPU
		{DC9E3BE1-104C-4B01-92B4-5A5D57BDB238}.AppStore|ARM.ActiveCfg = Release|Any CPU
		{DC9E3BE1-104C-4B01-92B4-5A5D57BDB238}.AppStore|ARM.Build.0 = Release|Any CPU
		{DC9E3BE1-104C-4B01-92B4-5A5D57BDB238}.AppStore|iPhone.ActiveCfg = Release|Any CPU
		{DC9E3BE1-104C-4B01-92B4-5A5D57BDB238}.AppStore|iPhone.Build.0 = Release|Any CPU
		{DC9E3BE1-104C-4B01-92B4-5A5D57BDB238}.AppStore|iPhoneSimulator.ActiveCfg = Release|Any CPU
		{DC9E3BE1-104C-4B01-92B4-5A5D57BDB238}.AppStore|iPhoneSimulator.Build.0 = Release|Any CPU
		{DC9E3BE1-104C-4B01-92B4-5A5D57BDB238}.AppStore|x64.ActiveCfg = Debug|Any CPU
		{DC9E3BE1-104C-4B01-92B4-5A5D57BDB238}.AppStore|x64.Build.0 = Debug|Any CPU
		{DC9E3BE1-104C-4B01-92B4-5A5D57BDB238}.AppStore|x86.ActiveCfg = Release|Any CPU
		{DC9E3BE1-104C-4B01-92B4-5A5D57BDB238}.AppStore|x86.Build.0 = Release|Any CPU
		{DC9E3BE1-104C-4B01-92B4-5A5D57BDB238}.Debug|Any CPU.ActiveCfg = Debug|Any CPU
		{DC9E3BE1-104C-4B01-92B4-5A5D57BDB238}.Debug|Any CPU.Build.0 = Debug|Any CPU
		{DC9E3BE1-104C-4B01-92B4-5A5D57BDB238}.Debug|ARM.ActiveCfg = Debug|Any CPU
		{DC9E3BE1-104C-4B01-92B4-5A5D57BDB238}.Debug|ARM.Build.0 = Debug|Any CPU
		{DC9E3BE1-104C-4B01-92B4-5A5D57BDB238}.Debug|iPhone.ActiveCfg = Debug|Any CPU
		{DC9E3BE1-104C-4B01-92B4-5A5D57BDB238}.Debug|iPhone.Build.0 = Debug|Any CPU
		{DC9E3BE1-104C-4B01-92B4-5A5D57BDB238}.Debug|iPhoneSimulator.ActiveCfg = Debug|Any CPU
		{DC9E3BE1-104C-4B01-92B4-5A5D57BDB238}.Debug|iPhoneSimulator.Build.0 = Debug|Any CPU
		{DC9E3BE1-104C-4B01-92B4-5A5D57BDB238}.Debug|x64.ActiveCfg = Debug|Any CPU
		{DC9E3BE1-104C-4B01-92B4-5A5D57BDB238}.Debug|x64.Build.0 = Debug|Any CPU
		{DC9E3BE1-104C-4B01-92B4-5A5D57BDB238}.Debug|x86.ActiveCfg = Debug|Any CPU
		{DC9E3BE1-104C-4B01-92B4-5A5D57BDB238}.Debug|x86.Build.0 = Debug|Any CPU
		{DC9E3BE1-104C-4B01-92B4-5A5D57BDB238}.Release|Any CPU.ActiveCfg = Release|Any CPU
		{DC9E3BE1-104C-4B01-92B4-5A5D57BDB238}.Release|Any CPU.Build.0 = Release|Any CPU
		{DC9E3BE1-104C-4B01-92B4-5A5D57BDB238}.Release|ARM.ActiveCfg = Release|Any CPU
		{DC9E3BE1-104C-4B01-92B4-5A5D57BDB238}.Release|ARM.Build.0 = Release|Any CPU
		{DC9E3BE1-104C-4B01-92B4-5A5D57BDB238}.Release|iPhone.ActiveCfg = Release|Any CPU
		{DC9E3BE1-104C-4B01-92B4-5A5D57BDB238}.Release|iPhone.Build.0 = Release|Any CPU
		{DC9E3BE1-104C-4B01-92B4-5A5D57BDB238}.Release|iPhoneSimulator.ActiveCfg = Release|Any CPU
		{DC9E3BE1-104C-4B01-92B4-5A5D57BDB238}.Release|iPhoneSimulator.Build.0 = Release|Any CPU
		{DC9E3BE1-104C-4B01-92B4-5A5D57BDB238}.Release|x64.ActiveCfg = Release|Any CPU
		{DC9E3BE1-104C-4B01-92B4-5A5D57BDB238}.Release|x64.Build.0 = Release|Any CPU
		{DC9E3BE1-104C-4B01-92B4-5A5D57BDB238}.Release|x86.ActiveCfg = Release|Any CPU
		{DC9E3BE1-104C-4B01-92B4-5A5D57BDB238}.Release|x86.Build.0 = Release|Any CPU
		{C39B3F87-9DBF-4250-AA18-5580AFE30AEB}.Ad-Hoc|Any CPU.ActiveCfg = Release|x64
		{C39B3F87-9DBF-4250-AA18-5580AFE30AEB}.Ad-Hoc|Any CPU.Build.0 = Release|x64
		{C39B3F87-9DBF-4250-AA18-5580AFE30AEB}.Ad-Hoc|Any CPU.Deploy.0 = Release|x64
		{C39B3F87-9DBF-4250-AA18-5580AFE30AEB}.Ad-Hoc|ARM.ActiveCfg = Release|ARM
		{C39B3F87-9DBF-4250-AA18-5580AFE30AEB}.Ad-Hoc|ARM.Build.0 = Release|ARM
		{C39B3F87-9DBF-4250-AA18-5580AFE30AEB}.Ad-Hoc|ARM.Deploy.0 = Release|ARM
		{C39B3F87-9DBF-4250-AA18-5580AFE30AEB}.Ad-Hoc|iPhone.ActiveCfg = Release|x64
		{C39B3F87-9DBF-4250-AA18-5580AFE30AEB}.Ad-Hoc|iPhone.Build.0 = Release|x64
		{C39B3F87-9DBF-4250-AA18-5580AFE30AEB}.Ad-Hoc|iPhone.Deploy.0 = Release|x64
		{C39B3F87-9DBF-4250-AA18-5580AFE30AEB}.Ad-Hoc|iPhoneSimulator.ActiveCfg = Release|x64
		{C39B3F87-9DBF-4250-AA18-5580AFE30AEB}.Ad-Hoc|iPhoneSimulator.Build.0 = Release|x64
		{C39B3F87-9DBF-4250-AA18-5580AFE30AEB}.Ad-Hoc|iPhoneSimulator.Deploy.0 = Release|x64
		{C39B3F87-9DBF-4250-AA18-5580AFE30AEB}.Ad-Hoc|x64.ActiveCfg = Release|x64
		{C39B3F87-9DBF-4250-AA18-5580AFE30AEB}.Ad-Hoc|x64.Build.0 = Release|x64
		{C39B3F87-9DBF-4250-AA18-5580AFE30AEB}.Ad-Hoc|x64.Deploy.0 = Release|x64
		{C39B3F87-9DBF-4250-AA18-5580AFE30AEB}.Ad-Hoc|x86.ActiveCfg = Release|x86
		{C39B3F87-9DBF-4250-AA18-5580AFE30AEB}.Ad-Hoc|x86.Build.0 = Release|x86
		{C39B3F87-9DBF-4250-AA18-5580AFE30AEB}.Ad-Hoc|x86.Deploy.0 = Release|x86
		{C39B3F87-9DBF-4250-AA18-5580AFE30AEB}.AppStore|Any CPU.ActiveCfg = Release|x64
		{C39B3F87-9DBF-4250-AA18-5580AFE30AEB}.AppStore|Any CPU.Build.0 = Release|x64
		{C39B3F87-9DBF-4250-AA18-5580AFE30AEB}.AppStore|Any CPU.Deploy.0 = Release|x64
		{C39B3F87-9DBF-4250-AA18-5580AFE30AEB}.AppStore|ARM.ActiveCfg = Release|ARM
		{C39B3F87-9DBF-4250-AA18-5580AFE30AEB}.AppStore|ARM.Build.0 = Release|ARM
		{C39B3F87-9DBF-4250-AA18-5580AFE30AEB}.AppStore|ARM.Deploy.0 = Release|ARM
		{C39B3F87-9DBF-4250-AA18-5580AFE30AEB}.AppStore|iPhone.ActiveCfg = Release|x64
		{C39B3F87-9DBF-4250-AA18-5580AFE30AEB}.AppStore|iPhone.Build.0 = Release|x64
		{C39B3F87-9DBF-4250-AA18-5580AFE30AEB}.AppStore|iPhone.Deploy.0 = Release|x64
		{C39B3F87-9DBF-4250-AA18-5580AFE30AEB}.AppStore|iPhoneSimulator.ActiveCfg = Release|x64
		{C39B3F87-9DBF-4250-AA18-5580AFE30AEB}.AppStore|iPhoneSimulator.Build.0 = Release|x64
		{C39B3F87-9DBF-4250-AA18-5580AFE30AEB}.AppStore|iPhoneSimulator.Deploy.0 = Release|x64
		{C39B3F87-9DBF-4250-AA18-5580AFE30AEB}.AppStore|x64.ActiveCfg = Release|x64
		{C39B3F87-9DBF-4250-AA18-5580AFE30AEB}.AppStore|x64.Build.0 = Release|x64
		{C39B3F87-9DBF-4250-AA18-5580AFE30AEB}.AppStore|x64.Deploy.0 = Release|x64
		{C39B3F87-9DBF-4250-AA18-5580AFE30AEB}.AppStore|x86.ActiveCfg = Release|x86
		{C39B3F87-9DBF-4250-AA18-5580AFE30AEB}.AppStore|x86.Build.0 = Release|x86
		{C39B3F87-9DBF-4250-AA18-5580AFE30AEB}.AppStore|x86.Deploy.0 = Release|x86
		{C39B3F87-9DBF-4250-AA18-5580AFE30AEB}.Debug|Any CPU.ActiveCfg = Debug|x86
		{C39B3F87-9DBF-4250-AA18-5580AFE30AEB}.Debug|ARM.ActiveCfg = Debug|ARM
		{C39B3F87-9DBF-4250-AA18-5580AFE30AEB}.Debug|ARM.Build.0 = Debug|ARM
		{C39B3F87-9DBF-4250-AA18-5580AFE30AEB}.Debug|ARM.Deploy.0 = Debug|ARM
		{C39B3F87-9DBF-4250-AA18-5580AFE30AEB}.Debug|iPhone.ActiveCfg = Debug|x86
		{C39B3F87-9DBF-4250-AA18-5580AFE30AEB}.Debug|iPhoneSimulator.ActiveCfg = Debug|x86
		{C39B3F87-9DBF-4250-AA18-5580AFE30AEB}.Debug|x64.ActiveCfg = Debug|x64
		{C39B3F87-9DBF-4250-AA18-5580AFE30AEB}.Debug|x64.Build.0 = Debug|x64
		{C39B3F87-9DBF-4250-AA18-5580AFE30AEB}.Debug|x64.Deploy.0 = Debug|x64
		{C39B3F87-9DBF-4250-AA18-5580AFE30AEB}.Debug|x86.ActiveCfg = Debug|x86
		{C39B3F87-9DBF-4250-AA18-5580AFE30AEB}.Debug|x86.Build.0 = Debug|x86
		{C39B3F87-9DBF-4250-AA18-5580AFE30AEB}.Debug|x86.Deploy.0 = Debug|x86
		{C39B3F87-9DBF-4250-AA18-5580AFE30AEB}.Release|Any CPU.ActiveCfg = Release|x86
		{C39B3F87-9DBF-4250-AA18-5580AFE30AEB}.Release|ARM.ActiveCfg = Release|ARM
		{C39B3F87-9DBF-4250-AA18-5580AFE30AEB}.Release|ARM.Build.0 = Release|ARM
		{C39B3F87-9DBF-4250-AA18-5580AFE30AEB}.Release|ARM.Deploy.0 = Release|ARM
		{C39B3F87-9DBF-4250-AA18-5580AFE30AEB}.Release|iPhone.ActiveCfg = Release|x86
		{C39B3F87-9DBF-4250-AA18-5580AFE30AEB}.Release|iPhoneSimulator.ActiveCfg = Release|x86
		{C39B3F87-9DBF-4250-AA18-5580AFE30AEB}.Release|x64.ActiveCfg = Release|x64
		{C39B3F87-9DBF-4250-AA18-5580AFE30AEB}.Release|x64.Build.0 = Release|x64
		{C39B3F87-9DBF-4250-AA18-5580AFE30AEB}.Release|x64.Deploy.0 = Release|x64
		{C39B3F87-9DBF-4250-AA18-5580AFE30AEB}.Release|x86.ActiveCfg = Release|x86
		{C39B3F87-9DBF-4250-AA18-5580AFE30AEB}.Release|x86.Build.0 = Release|x86
		{C39B3F87-9DBF-4250-AA18-5580AFE30AEB}.Release|x86.Deploy.0 = Release|x86
	EndGlobalSection
	GlobalSection(SolutionProperties) = preSolution
		HideSolutionNode = FALSE
	EndGlobalSection
EndGlobal
