// !$*UTF8*$!
{
	archiveVersion = 1;
	classes = {
	};
	objectVersion = 46;
	objects = {

/* Begin PBXBuildFile section */
		F0160D8D1C768EC000936A6A /* C3PRReactModule.h in CopyFiles */ = {isa = PBXBuildFile; fileRef = F0160D8C1C768EC000936A6A /* C3PRReactModule.h */; };
		F0160D8F1C768EC000936A6A /* C3PRReactModule.m in Sources */ = {isa = PBXBuildFile; fileRef = F0160D8E1C768EC000936A6A /* C3PRReactModule.m */; };
/* End PBXBuildFile section */

/* Begin PBXCopyFilesBuildPhase section */
		F0160D881C768EC000936A6A /* CopyFiles */ = {
			isa = PBXCopyFilesBuildPhase;
			buildActionMask = 2147483647;
			dstPath = "include/$(PRODUCT_NAME)";
			dstSubfolderSpec = 16;
			files = (
				F0160D8D1C768EC000936A6A /* C3PRReactModule.h in CopyFiles */,
			);
			runOnlyForDeploymentPostprocessing = 0;
		};
/* End PBXCopyFilesBuildPhase section */

/* Begin PBXFileReference section */
		F0160D8A1C768EC000936A6A /* libC3PReactNative.a */ = {isa = PBXFileReference; explicitFileType = archive.ar; includeInIndex = 0; path = libC3PReactNative.a; sourceTree = BUILT_PRODUCTS_DIR; };
		F0160D8C1C768EC000936A6A /* C3PRReactModule.h */ = {isa = PBXFileReference; lastKnownFileType = sourcecode.c.h; path = C3PRReactModule.h; sourceTree = "<group>"; };
		F0160D8E1C768EC000936A6A /* C3PRReactModule.m */ = {isa = PBXFileReference; lastKnownFileType = sourcecode.c.objc; path = C3PRReactModule.m; sourceTree = "<group>"; };
/* End PBXFileReference section */

/* Begin PBXFrameworksBuildPhase section */
		F0160D871C768EC000936A6A /* Frameworks */ = {
			isa = PBXFrameworksBuildPhase;
			buildActionMask = 2147483647;
			files = (
			);
			runOnlyForDeploymentPostprocessing = 0;
		};
/* End PBXFrameworksBuildPhase section */

/* Begin PBXGroup section */
		F0160D8B1C768EC000936A6A /* ReactNative */ = {
			isa = PBXGroup;
			children = (
				F0160D8C1C768EC000936A6A /* C3PRReactModule.h */,
				F0160D8E1C768EC000936A6A /* C3PRReactModule.m */,
			);
			path = ReactNative;
			sourceTree = "<group>";
		};
		F0C917AC1C60178C0079E2DF = {
			isa = PBXGroup;
			children = (
				F0160D8B1C768EC000936A6A /* ReactNative */,
				F0C917B61C60178C0079E2DF /* Products */,
			);
			sourceTree = "<group>";
		};
		F0C917B61C60178C0079E2DF /* Products */ = {
			isa = PBXGroup;
			children = (
				F0160D8A1C768EC000936A6A /* libC3PReactNative.a */,
			);
			name = Products;
			sourceTree = "<group>";
		};
/* End PBXGroup section */

/* Begin PBXNativeTarget section */
		F0160D891C768EC000936A6A /* C3PReactNative */ = {
			isa = PBXNativeTarget;
			buildConfigurationList = F0160D901C768EC000936A6A /* Build configuration list for PBXNativeTarget "C3PReactNative" */;
			buildPhases = (
				F0160D861C768EC000936A6A /* Sources */,
				F0160D871C768EC000936A6A /* Frameworks */,
				F0160D881C768EC000936A6A /* CopyFiles */,
			);
			buildRules = (
			);
			dependencies = (
			);
			name = C3PReactNative;
			productName = ReactNative;
			productReference = F0160D8A1C768EC000936A6A /* libC3PReactNative.a */;
			productType = "com.apple.product-type.library.static";
		};
/* End PBXNativeTarget section */

/* Begin PBXProject section */
		F0C917AD1C60178C0079E2DF /* Project object */ = {
			isa = PBXProject;
			attributes = {
				LastUpgradeCheck = 0720;
				ORGANIZATIONNAME = Microsoft;
				TargetAttributes = {
					F0160D891C768EC000936A6A = {
						CreatedOnToolsVersion = 7.2.1;
					};
				};
			};
			buildConfigurationList = F0C917B01C60178C0079E2DF /* Build configuration list for PBXProject "C3PReactNative" */;
			compatibilityVersion = "Xcode 3.2";
			developmentRegion = English;
			hasScannedForEncodings = 0;
			knownRegions = (
				en,
			);
			mainGroup = F0C917AC1C60178C0079E2DF;
			productRefGroup = F0C917B61C60178C0079E2DF /* Products */;
			projectDirPath = "";
			projectRoot = "";
			targets = (
				F0160D891C768EC000936A6A /* C3PReactNative */,
			);
		};
/* End PBXProject section */

/* Begin PBXSourcesBuildPhase section */
		F0160D861C768EC000936A6A /* Sources */ = {
			isa = PBXSourcesBuildPhase;
			buildActionMask = 2147483647;
			files = (
				F0160D8F1C768EC000936A6A /* C3PRReactModule.m in Sources */,
			);
			runOnlyForDeploymentPostprocessing = 0;
		};
/* End PBXSourcesBuildPhase section */

/* Begin XCBuildConfiguration section */
		F0160D911C768EC000936A6A /* Debug */ = {
			isa = XCBuildConfiguration;
			buildSettings = {
				HEADER_SEARCH_PATHS = (
					../../../external/ReactNative/ios,
					"../../react-native/React/**",
				);
				IPHONEOS_DEPLOYMENT_TARGET = 8.0;
				OTHER_LDFLAGS = "-ObjC";
				PRODUCT_NAME = "$(TARGET_NAME)";
				SKIP_INSTALL = YES;
				USER_HEADER_SEARCH_PATHS = C3P;
			};
			name = Debug;
		};
		F0160D921C768EC000936A6A /* Release */ = {
			isa = XCBuildConfiguration;
			buildSettings = {
				HEADER_SEARCH_PATHS = (
					../../../external/ReactNative/ios,
					"../../react-native/React/**",
				);
				IPHONEOS_DEPLOYMENT_TARGET = 8.0;
				OTHER_LDFLAGS = "-ObjC";
				PRODUCT_NAME = "$(TARGET_NAME)";
				SKIP_INSTALL = YES;
				USER_HEADER_SEARCH_PATHS = C3P;
			};
			name = Release;
		};
		F0C917BC1C60178C0079E2DF /* Debug */ = {
			isa = XCBuildConfiguration;
			buildSettings = {
				ALWAYS_SEARCH_USER_PATHS = NO;
				CLANG_CXX_LANGUAGE_STANDARD = "gnu++0x";
				CLANG_CXX_LIBRARY = "libc++";
				CLANG_ENABLE_MODULES = YES;
				CLANG_ENABLE_OBJC_ARC = YES;
				CLANG_WARN_BOOL_CONVERSION = YES;
				CLANG_WARN_CONSTANT_CONVERSION = YES;
				CLANG_WARN_DIRECT_OBJC_ISA_USAGE = YES_ERROR;
				CLANG_WARN_EMPTY_BODY = YES;
				CLANG_WARN_ENUM_CONVERSION = YES;
				CLANG_WARN_INT_CONVERSION = YES;
				CLANG_WARN_OBJC_ROOT_CLASS = YES_ERROR;
				CLANG_WARN_UNREACHABLE_CODE = YES;
				CLANG_WARN__DUPLICATE_METHOD_MATCH = YES;
				"CODE_SIGN_IDENTITY[sdk=iphoneos*]" = "iPhone Developer";
				COPY_PHASE_STRIP = NO;
				DEBUG_INFORMATION_FORMAT = dwarf;
				ENABLE_STRICT_OBJC_MSGSEND = YES;
				ENABLE_TESTABILITY = YES;
				GCC_C_LANGUAGE_STANDARD = gnu99;
				GCC_DYNAMIC_NO_PIC = NO;
				GCC_NO_COMMON_BLOCKS = YES;
				GCC_OPTIMIZATION_LEVEL = 0;
				GCC_PREPROCESSOR_DEFINITIONS = (
					"DEBUG=1",
					"$(inherited)",
				);
				GCC_WARN_64_TO_32_BIT_CONVERSION = YES;
				GCC_WARN_ABOUT_RETURN_TYPE = YES_ERROR;
				GCC_WARN_UNDECLARED_SELECTOR = YES;
				GCC_WARN_UNINITIALIZED_AUTOS = YES_AGGRESSIVE;
				GCC_WARN_UNUSED_FUNCTION = YES;
				GCC_WARN_UNUSED_VARIABLE = YES;
				IPHONEOS_DEPLOYMENT_TARGET = 9.2;
				MTL_ENABLE_DEBUG_INFO = YES;
				ONLY_ACTIVE_ARCH = YES;
				SDKROOT = iphoneos;
			};
			name = Debug;
		};
		F0C917BD1C60178C0079E2DF /* Release */ = {
			isa = XCBuildConfiguration;
			buildSettings = {
				ALWAYS_SEARCH_USER_PATHS = NO;
				CLANG_CXX_LANGUAGE_STANDARD = "gnu++0x";
				CLANG_CXX_LIBRARY = "libc++";
				CLANG_ENABLE_MODULES = YES;
				CLANG_ENABLE_OBJC_ARC = YES;
				CLANG_WARN_BOOL_CONVERSION = YES;
				CLANG_WARN_CONSTANT_CONVERSION = YES;
				CLANG_WARN_DIRECT_OBJC_ISA_USAGE = YES_ERROR;
				CLANG_WARN_EMPTY_BODY = YES;
				CLANG_WARN_ENUM_CONVERSION = YES;
				CLANG_WARN_INT_CONVERSION = YES;
				CLANG_WARN_OBJC_ROOT_CLASS = YES_ERROR;
				CLANG_WARN_UNREACHABLE_CODE = YES;
				CLANG_WARN__DUPLICATE_METHOD_MATCH = YES;
				"CODE_SIGN_IDENTITY[sdk=iphoneos*]" = "iPhone Developer";
				COPY_PHASE_STRIP = NO;
				DEBUG_INFORMATION_FORMAT = "dwarf-with-dsym";
				ENABLE_NS_ASSERTIONS = NO;
				ENABLE_STRICT_OBJC_MSGSEND = YES;
				GCC_C_LANGUAGE_STANDARD = gnu99;
				GCC_NO_COMMON_BLOCKS = YES;
				GCC_WARN_64_TO_32_BIT_CONVERSION = YES;
				GCC_WARN_ABOUT_RETURN_TYPE = YES_ERROR;
				GCC_WARN_UNDECLARED_SELECTOR = YES;
				GCC_WARN_UNINITIALIZED_AUTOS = YES_AGGRESSIVE;
				GCC_WARN_UNUSED_FUNCTION = YES;
				GCC_WARN_UNUSED_VARIABLE = YES;
				IPHONEOS_DEPLOYMENT_TARGET = 9.2;
				MTL_ENABLE_DEBUG_INFO = NO;
				SDKROOT = iphoneos;
				VALIDATE_PRODUCT = YES;
			};
			name = Release;
		};
/* End XCBuildConfiguration section */

/* Begin XCConfigurationList section */
		F0160D901C768EC000936A6A /* Build configuration list for PBXNativeTarget "C3PReactNative" */ = {
			isa = XCConfigurationList;
			buildConfigurations = (
				F0160D911C768EC000936A6A /* Debug */,
				F0160D921C768EC000936A6A /* Release */,
			);
			defaultConfigurationIsVisible = 0;
			defaultConfigurationName = Release;
		};
		F0C917B01C60178C0079E2DF /* Build configuration list for PBXProject "C3PReactNative" */ = {
			isa = XCConfigurationList;
			buildConfigurations = (
				F0C917BC1C60178C0079E2DF /* Debug */,
				F0C917BD1C60178C0079E2DF /* Release */,
			);
			defaultConfigurationIsVisible = 0;
			defaultConfigurationName = Release;
		};
/* End XCConfigurationList section */
	};
	rootObject = F0C917AD1C60178C0079E2DF /* Project object */;
}
